
Microsoft Visual Studio Solution File, Format Version 12.00
# Visual Studio Version 16
VisualStudioVersion = 16.0.30523.141
MinimumVisualStudioVersion = 10.0.40219.1
Project("{FAE04EC0-301F-11D3-BF4B-00C04F79EFBC}") = "VisorImagenes", "VisorImagenes\VisorImagenes.csproj", "{68CF41A5-63B8-407C-915D-B2975C087B09}"
EndProject
Global
	GlobalSection(SolutionConfigurationPlatforms) = preSolution
		Debug|Any CPU = Debug|Any CPU
		Release|Any CPU = Release|Any CPU
	EndGlobalSection
	GlobalSection(ProjectConfigurationPlatforms) = postSolution
		{68CF41A5-63B8-407C-915D-B2975C087B09}.Debug|Any CPU.ActiveCfg = Debug|Any CPU
		{68CF41A5-63B8-407C-915D-B2975C087B09}.Debug|Any CPU.Build.0 = Debug|Any CPU
		{68CF41A5-63B8-407C-915D-B2975C087B09}.Release|Any CPU.ActiveCfg = Release|Any CPU
		{68CF41A5-63B8-407C-915D-B2975C087B09}.Release|Any CPU.Build.0 = Release|Any CPU
	EndGlobalSection
	GlobalSection(SolutionProperties) = preSolution
		HideSolutionNode = FALSE
	EndGlobalSection
	GlobalSection(ExtensibilityGlobals) = postSolution
		SolutionGuid = {DC1888FA-6681-49B5-A026-D30B59D04810}
	EndGlobalSection
EndGlobal
